
Microsoft Visual Studio Solution File, Format Version 12.00
# Visual Studio Version 17
VisualStudioVersion = 17.5.002.0
MinimumVisualStudioVersion = 10.0.40219.1
Project("{9A19103F-16F7-4668-BE54-9A1E7A4F7556}") = "ace-portal-dat-extractor", "ace-portal-dat-extractor.csproj", "{E051EF9C-5D53-4557-92B9-281FB1A20F87}"
EndProject
Global
	GlobalSection(SolutionConfigurationPlatforms) = preSolution
		Debug|Any CPU = Debug|Any CPU
		Release|Any CPU = Release|Any CPU
	EndGlobalSection
	GlobalSection(ProjectConfigurationPlatforms) = postSolution
		{E051EF9C-5D53-4557-92B9-281FB1A20F87}.Debug|Any CPU.ActiveCfg = Debug|Any CPU
		{E051EF9C-5D53-4557-92B9-281FB1A20F87}.Debug|Any CPU.Build.0 = Debug|Any CPU
		{E051EF9C-5D53-4557-92B9-281FB1A20F87}.Release|Any CPU.ActiveCfg = Release|Any CPU
		{E051EF9C-5D53-4557-92B9-281FB1A20F87}.Release|Any CPU.Build.0 = Release|Any CPU
	EndGlobalSection
	GlobalSection(SolutionProperties) = preSolution
		HideSolutionNode = FALSE
	EndGlobalSection
	GlobalSection(ExtensibilityGlobals) = postSolution
		SolutionGuid = {2BF5051B-D972-4354-91E5-A523DDF9702D}
	EndGlobalSection
EndGlobal
